<Solution>
  <Folder Name="/src/">
    <Project Path="src/RAG.Api/RAG.Api.csproj" />
    <Project Path="src/RAG.Application/RAG.Application.csproj" />
    <Project Path="src/RAG.Domain/RAG.Domain.csproj" />
    <Project Path="src/RAG.Infrastructure/RAG.Infrastructure.csproj" />
  </Folder>
  <Project Path="rag/rag.csproj" />
  <Folder Name="/tests/">
    <Project Path="tests/RAG.Mvc.Tests/RAG.Mvc.Tests.csproj" />
    <Project Path="tests/RAG.Api.Tests/RAG.Api.Tests.csproj" />
  </Folder>
</Solution>
